// !$*UTF8*$!
{
	archiveVersion = 1;
	classes = {
	};
	objectVersion = 50;
	objects = {

/* Begin PBXBuildFile section */
		EE00D20F245AC26900C9E49F /* main.cpp in Sources */ = {isa = PBXBuildFile; fileRef = EE00D201245AC26800C9E49F /* main.cpp */; };
		EE00D210245AC26900C9E49F /* operateur_transfer.cpp in Sources */ = {isa = PBXBuildFile; fileRef = EE00D202245AC26800C9E49F /* operateur_transfer.cpp */; };
		EE00D212245AC26900C9E49F /* operateur.cpp in Sources */ = {isa = PBXBuildFile; fileRef = EE00D208245AC26900C9E49F /* operateur.cpp */; };
		EE00D213245AC26900C9E49F /* operateur_matrice.cpp in Sources */ = {isa = PBXBuildFile; fileRef = EE00D209245AC26900C9E49F /* operateur_matrice.cpp */; };
		EEF40A32245C94BD00AE1541 /* vecteur.cpp in Sources */ = {isa = PBXBuildFile; fileRef = EEF40A31245C94BD00AE1541 /* vecteur.cpp */; };
/* End PBXBuildFile section */

/* Begin PBXCopyFilesBuildPhase section */
		EE00D1F5245AC1E500C9E49F /* CopyFiles */ = {
			isa = PBXCopyFilesBuildPhase;
			buildActionMask = 2147483647;
			dstPath = /usr/share/man/man1/;
			dstSubfolderSpec = 0;
			files = (
			);
			runOnlyForDeploymentPostprocessing = 1;
		};
/* End PBXCopyFilesBuildPhase section */

/* Begin PBXFileReference section */
		EE00D1F7245AC1E500C9E49F /* Fada */ = {isa = PBXFileReference; explicitFileType = "compiled.mach-o.executable"; includeInIndex = 0; path = Fada; sourceTree = BUILT_PRODUCTS_DIR; };
		EE00D201245AC26800C9E49F /* main.cpp */ = {isa = PBXFileReference; fileEncoding = 4; lastKnownFileType = sourcecode.cpp.cpp; path = main.cpp; sourceTree = "<group>"; };
		EE00D202245AC26800C9E49F /* operateur_transfer.cpp */ = {isa = PBXFileReference; fileEncoding = 4; lastKnownFileType = sourcecode.cpp.cpp; path = operateur_transfer.cpp; sourceTree = "<group>"; };
		EE00D203245AC26800C9E49F /* vecteurmg.h */ = {isa = PBXFileReference; fileEncoding = 4; lastKnownFileType = sourcecode.c.h; path = vecteurmg.h; sourceTree = "<group>"; };
		EE00D204245AC26800C9E49F /* operateur.h */ = {isa = PBXFileReference; fileEncoding = 4; lastKnownFileType = sourcecode.c.h; path = operateur.h; sourceTree = "<group>"; };
		EE00D207245AC26900C9E49F /* vecteur.h */ = {isa = PBXFileReference; fileEncoding = 4; lastKnownFileType = sourcecode.c.h; path = vecteur.h; sourceTree = "<group>"; };
		EE00D208245AC26900C9E49F /* operateur.cpp */ = {isa = PBXFileReference; fileEncoding = 4; lastKnownFileType = sourcecode.cpp.cpp; path = operateur.cpp; sourceTree = "<group>"; };
		EE00D209245AC26900C9E49F /* operateur_matrice.cpp */ = {isa = PBXFileReference; fileEncoding = 4; lastKnownFileType = sourcecode.cpp.cpp; path = operateur_matrice.cpp; sourceTree = "<group>"; };
		EE00D20A245AC26900C9E49F /* mg.h */ = {isa = PBXFileReference; fileEncoding = 4; lastKnownFileType = sourcecode.c.h; path = mg.h; sourceTree = "<group>"; };
		EE00D20C245AC26900C9E49F /* array.h */ = {isa = PBXFileReference; fileEncoding = 4; lastKnownFileType = sourcecode.c.h; path = array.h; sourceTree = "<group>"; };
		EE00D216245AC8D500C9E49F /* Fada.profdata */ = {isa = PBXFileReference; lastKnownFileType = file; path = Fada.profdata; sourceTree = "<group>"; };
		EE00D217245B1CAF00C9E49F /* test.rtf */ = {isa = PBXFileReference; lastKnownFileType = text.rtf; path = test.rtf; sourceTree = "<group>"; };
		EE00D218245C4BCF00C9E49F /* CMakeLists.txt */ = {isa = PBXFileReference; fileEncoding = 4; lastKnownFileType = text; path = CMakeLists.txt; sourceTree = "<group>"; };
		EEF40A31245C94BD00AE1541 /* vecteur.cpp */ = {isa = PBXFileReference; lastKnownFileType = sourcecode.cpp.cpp; path = vecteur.cpp; sourceTree = "<group>"; };
/* End PBXFileReference section */

/* Begin PBXFrameworksBuildPhase section */
		EE00D1F4245AC1E500C9E49F /* Frameworks */ = {
			isa = PBXFrameworksBuildPhase;
			buildActionMask = 2147483647;
			files = (
			);
			runOnlyForDeploymentPostprocessing = 0;
		};
/* End PBXFrameworksBuildPhase section */

/* Begin PBXGroup section */
		EE00D1EE245AC1E500C9E49F = {
			isa = PBXGroup;
			children = (
				EE00D1F9245AC1E500C9E49F /* Fada */,
				EE00D1F8245AC1E500C9E49F /* Products */,
				EE00D215245AC8D500C9E49F /* OptimizationProfiles */,
			);
			sourceTree = "<group>";
		};
		EE00D1F8245AC1E500C9E49F /* Products */ = {
			isa = PBXGroup;
			children = (
				EE00D1F7245AC1E500C9E49F /* Fada */,
			);
			name = Products;
			sourceTree = "<group>";
		};
		EE00D1F9245AC1E500C9E49F /* Fada */ = {
			isa = PBXGroup;
			children = (
				EE00D218245C4BCF00C9E49F /* CMakeLists.txt */,
				EE00D20C245AC26900C9E49F /* array.h */,
				EE00D201245AC26800C9E49F /* main.cpp */,
				EE00D20A245AC26900C9E49F /* mg.h */,
				EE00D217245B1CAF00C9E49F /* test.rtf */,
				EE00D209245AC26900C9E49F /* operateur_matrice.cpp */,
				EE00D202245AC26800C9E49F /* operateur_transfer.cpp */,
				EE00D208245AC26900C9E49F /* operateur.cpp */,
				EE00D204245AC26800C9E49F /* operateur.h */,
				EE00D207245AC26900C9E49F /* vecteur.h */,
				EEF40A31245C94BD00AE1541 /* vecteur.cpp */,
				EE00D203245AC26800C9E49F /* vecteurmg.h */,
			);
			path = Fada;
			sourceTree = "<group>";
		};
		EE00D215245AC8D500C9E49F /* OptimizationProfiles */ = {
			isa = PBXGroup;
			children = (
				EE00D216245AC8D500C9E49F /* Fada.profdata */,
			);
			path = OptimizationProfiles;
			sourceTree = "<group>";
		};
/* End PBXGroup section */

/* Begin PBXNativeTarget section */
		EE00D1F6245AC1E500C9E49F /* Fada */ = {
			isa = PBXNativeTarget;
			buildConfigurationList = EE00D1FE245AC1E500C9E49F /* Build configuration list for PBXNativeTarget "Fada" */;
			buildPhases = (
				EE00D1F3245AC1E500C9E49F /* Sources */,
				EE00D1F4245AC1E500C9E49F /* Frameworks */,
				EE00D1F5245AC1E500C9E49F /* CopyFiles */,
			);
			buildRules = (
			);
			dependencies = (
			);
			name = Fada;
			productName = Fada;
			productReference = EE00D1F7245AC1E500C9E49F /* Fada */;
			productType = "com.apple.product-type.tool";
		};
/* End PBXNativeTarget section */

/* Begin PBXProject section */
		EE00D1EF245AC1E500C9E49F /* Project object */ = {
			isa = PBXProject;
			attributes = {
				LastUpgradeCheck = 1140;
				ORGANIZATIONNAME = "Roland Becker";
				TargetAttributes = {
					EE00D1F6245AC1E500C9E49F = {
						CreatedOnToolsVersion = 11.4.1;
					};
				};
			};
			buildConfigurationList = EE00D1F2245AC1E500C9E49F /* Build configuration list for PBXProject "Fada" */;
			compatibilityVersion = "Xcode 9.3";
			developmentRegion = en;
			hasScannedForEncodings = 0;
			knownRegions = (
				en,
				Base,
			);
			mainGroup = EE00D1EE245AC1E500C9E49F;
			productRefGroup = EE00D1F8245AC1E500C9E49F /* Products */;
			projectDirPath = "";
			projectRoot = "";
			targets = (
				EE00D1F6245AC1E500C9E49F /* Fada */,
			);
		};
/* End PBXProject section */

/* Begin PBXSourcesBuildPhase section */
		EE00D1F3245AC1E500C9E49F /* Sources */ = {
			isa = PBXSourcesBuildPhase;
			buildActionMask = 2147483647;
			files = (
				EE00D210245AC26900C9E49F /* operateur_transfer.cpp in Sources */,
				EEF40A32245C94BD00AE1541 /* vecteur.cpp in Sources */,
				EE00D20F245AC26900C9E49F /* main.cpp in Sources */,
				EE00D213245AC26900C9E49F /* operateur_matrice.cpp in Sources */,
				EE00D212245AC26900C9E49F /* operateur.cpp in Sources */,
			);
			runOnlyForDeploymentPostprocessing = 0;
		};
/* End PBXSourcesBuildPhase section */

/* Begin XCBuildConfiguration section */
		EE00D1FC245AC1E500C9E49F /* Debug */ = {
			isa = XCBuildConfiguration;
			buildSettings = {
				ALWAYS_SEARCH_USER_PATHS = NO;
				CLANG_ANALYZER_NONNULL = YES;
				CLANG_ANALYZER_NUMBER_OBJECT_CONVERSION = YES_AGGRESSIVE;
				CLANG_CXX_LANGUAGE_STANDARD = "gnu++14";
				CLANG_CXX_LIBRARY = "libc++";
				CLANG_ENABLE_MODULES = YES;
				CLANG_ENABLE_OBJC_ARC = YES;
				CLANG_ENABLE_OBJC_WEAK = YES;
				CLANG_WARN_BLOCK_CAPTURE_AUTORELEASING = YES;
				CLANG_WARN_BOOL_CONVERSION = YES;
				CLANG_WARN_COMMA = YES;
				CLANG_WARN_CONSTANT_CONVERSION = YES;
				CLANG_WARN_DEPRECATED_OBJC_IMPLEMENTATIONS = YES;
				CLANG_WARN_DIRECT_OBJC_ISA_USAGE = YES_ERROR;
				CLANG_WARN_DOCUMENTATION_COMMENTS = YES;
				CLANG_WARN_EMPTY_BODY = YES;
				CLANG_WARN_ENUM_CONVERSION = YES;
				CLANG_WARN_INFINITE_RECURSION = YES;
				CLANG_WARN_INT_CONVERSION = YES;
				CLANG_WARN_NON_LITERAL_NULL_CONVERSION = YES;
				CLANG_WARN_OBJC_IMPLICIT_RETAIN_SELF = YES;
				CLANG_WARN_OBJC_LITERAL_CONVERSION = YES;
				CLANG_WARN_OBJC_ROOT_CLASS = YES_ERROR;
				CLANG_WARN_RANGE_LOOP_ANALYSIS = YES;
				CLANG_WARN_STRICT_PROTOTYPES = YES;
				CLANG_WARN_SUSPICIOUS_MOVE = YES;
				CLANG_WARN_UNGUARDED_AVAILABILITY = YES_AGGRESSIVE;
				CLANG_WARN_UNREACHABLE_CODE = YES;
				CLANG_WARN__DUPLICATE_METHOD_MATCH = YES;
				COPY_PHASE_STRIP = NO;
				DEBUG_INFORMATION_FORMAT = dwarf;
				ENABLE_STRICT_OBJC_MSGSEND = YES;
				ENABLE_TESTABILITY = YES;
				GCC_C_LANGUAGE_STANDARD = gnu11;
				GCC_DYNAMIC_NO_PIC = NO;
				GCC_NO_COMMON_BLOCKS = YES;
				GCC_OPTIMIZATION_LEVEL = 0;
				GCC_PREPROCESSOR_DEFINITIONS = (
					"DEBUG=1",
					"$(inherited)",
				);
				GCC_WARN_64_TO_32_BIT_CONVERSION = YES;
				GCC_WARN_ABOUT_RETURN_TYPE = YES_ERROR;
				GCC_WARN_UNDECLARED_SELECTOR = YES;
				GCC_WARN_UNINITIALIZED_AUTOS = YES_AGGRESSIVE;
				GCC_WARN_UNUSED_FUNCTION = YES;
				GCC_WARN_UNUSED_VARIABLE = YES;
				HEADER_SEARCH_PATHS = /usr/local/include;
				LIBRARY_SEARCH_PATHS = /usr/local/lib;
				MACOSX_DEPLOYMENT_TARGET = 10.15;
				MTL_ENABLE_DEBUG_INFO = INCLUDE_SOURCE;
				MTL_FAST_MATH = YES;
				ONLY_ACTIVE_ARCH = YES;
				SDKROOT = macosx;
			};
			name = Debug;
		};
		EE00D1FD245AC1E500C9E49F /* Release */ = {
			isa = XCBuildConfiguration;
			buildSettings = {
				ALWAYS_SEARCH_USER_PATHS = NO;
				CLANG_ANALYZER_NONNULL = YES;
				CLANG_ANALYZER_NUMBER_OBJECT_CONVERSION = YES_AGGRESSIVE;
				CLANG_CXX_LANGUAGE_STANDARD = "gnu++14";
				CLANG_CXX_LIBRARY = "libc++";
				CLANG_ENABLE_MODULES = YES;
				CLANG_ENABLE_OBJC_ARC = YES;
				CLANG_ENABLE_OBJC_WEAK = YES;
				CLANG_WARN_BLOCK_CAPTURE_AUTORELEASING = YES;
				CLANG_WARN_BOOL_CONVERSION = YES;
				CLANG_WARN_COMMA = YES;
				CLANG_WARN_CONSTANT_CONVERSION = YES;
				CLANG_WARN_DEPRECATED_OBJC_IMPLEMENTATIONS = YES;
				CLANG_WARN_DIRECT_OBJC_ISA_USAGE = YES_ERROR;
				CLANG_WARN_DOCUMENTATION_COMMENTS = YES;
				CLANG_WARN_EMPTY_BODY = YES;
				CLANG_WARN_ENUM_CONVERSION = YES;
				CLANG_WARN_INFINITE_RECURSION = YES;
				CLANG_WARN_INT_CONVERSION = YES;
				CLANG_WARN_NON_LITERAL_NULL_CONVERSION = YES;
				CLANG_WARN_OBJC_IMPLICIT_RETAIN_SELF = YES;
				CLANG_WARN_OBJC_LITERAL_CONVERSION = YES;
				CLANG_WARN_OBJC_ROOT_CLASS = YES_ERROR;
				CLANG_WARN_RANGE_LOOP_ANALYSIS = YES;
				CLANG_WARN_STRICT_PROTOTYPES = YES;
				CLANG_WARN_SUSPICIOUS_MOVE = YES;
				CLANG_WARN_UNGUARDED_AVAILABILITY = YES_AGGRESSIVE;
				CLANG_WARN_UNREACHABLE_CODE = YES;
				CLANG_WARN__DUPLICATE_METHOD_MATCH = YES;
				COPY_PHASE_STRIP = NO;
				DEBUG_INFORMATION_FORMAT = "dwarf-with-dsym";
				ENABLE_NS_ASSERTIONS = NO;
				ENABLE_STRICT_OBJC_MSGSEND = YES;
				GCC_C_LANGUAGE_STANDARD = gnu11;
				GCC_NO_COMMON_BLOCKS = YES;
				GCC_WARN_64_TO_32_BIT_CONVERSION = YES;
				GCC_WARN_ABOUT_RETURN_TYPE = YES_ERROR;
				GCC_WARN_UNDECLARED_SELECTOR = YES;
				GCC_WARN_UNINITIALIZED_AUTOS = YES_AGGRESSIVE;
				GCC_WARN_UNUSED_FUNCTION = YES;
				GCC_WARN_UNUSED_VARIABLE = YES;
				HEADER_SEARCH_PATHS = /usr/local/include;
				LIBRARY_SEARCH_PATHS = /usr/local/lib;
				MACOSX_DEPLOYMENT_TARGET = 10.15;
				MTL_ENABLE_DEBUG_INFO = NO;
				MTL_FAST_MATH = YES;
				SDKROOT = macosx;
			};
			name = Release;
		};
		EE00D1FF245AC1E500C9E49F /* Debug */ = {
			isa = XCBuildConfiguration;
			buildSettings = {
				CLANG_USE_OPTIMIZATION_PROFILE = YES;
				CODE_SIGN_STYLE = Automatic;
				PRODUCT_NAME = "$(TARGET_NAME)";
			};
			name = Debug;
		};
		EE00D200245AC1E500C9E49F /* Release */ = {
			isa = XCBuildConfiguration;
			buildSettings = {
				CLANG_USE_OPTIMIZATION_PROFILE = YES;
				CODE_SIGN_STYLE = Automatic;
				PRODUCT_NAME = "$(TARGET_NAME)";
			};
			name = Release;
		};
/* End XCBuildConfiguration section */

/* Begin XCConfigurationList section */
		EE00D1F2245AC1E500C9E49F /* Build configuration list for PBXProject "Fada" */ = {
			isa = XCConfigurationList;
			buildConfigurations = (
				EE00D1FC245AC1E500C9E49F /* Debug */,
				EE00D1FD245AC1E500C9E49F /* Release */,
			);
			defaultConfigurationIsVisible = 0;
			defaultConfigurationName = Release;
		};
		EE00D1FE245AC1E500C9E49F /* Build configuration list for PBXNativeTarget "Fada" */ = {
			isa = XCConfigurationList;
			buildConfigurations = (
				EE00D1FF245AC1E500C9E49F /* Debug */,
				EE00D200245AC1E500C9E49F /* Release */,
			);
			defaultConfigurationIsVisible = 0;
			defaultConfigurationName = Release;
		};
/* End XCConfigurationList section */
	};
	rootObject = EE00D1EF245AC1E500C9E49F /* Project object */;
}
